<?xml version="1.0" encoding="utf-8"?>
<Project ToolsVersion="15.0" xmlns="http://schemas.microsoft.com/developer/msbuild/2003">
  <ItemGroup>
    <CustomBuild Include="D:\Otus_bulk_7\.gitignore\CMakeFiles\8b0e265dc81a51fb3fa88c574073ca23\PACKAGE_force.rule">
      <Filter>CMake Rules</Filter>
    </CustomBuild>
  </ItemGroup>
  <ItemGroup>
    <Filter Include="CMake Rules">
      <UniqueIdentifier>{70FC2292-B982-3211-827A-9C18D7E9B2A2}</UniqueIdentifier>
    </Filter>
  </ItemGroup>
</Project>
