Microsoft Visual Studio Solution File, Format Version 12.00
# Visual Studio 15
Project("{8BC9CEB8-8B4A-11D0-8D11-00A0C91BC942}") = "ALL_BUILD", "ALL_BUILD.vcxproj", "{055AD73E-BABD-3C63-B80D-8666D1061945}"
	ProjectSection(ProjectDependencies) = postProject
		{1F62DF3B-DAE6-3A48-A2E2-F4D4E9C77A8E} = {1F62DF3B-DAE6-3A48-A2E2-F4D4E9C77A8E}
		{990361FB-C709-3C11-82E8-E4C55DB18C6C} = {990361FB-C709-3C11-82E8-E4C55DB18C6C}
		{FD12B058-A65A-3699-A52C-D0F1580BF82F} = {FD12B058-A65A-3699-A52C-D0F1580BF82F}
		{D7886964-7722-345A-B943-1585CD852575} = {D7886964-7722-345A-B943-1585CD852575}
		{AC3AA1FE-83E5-39E2-9322-4A63E3A3E4D0} = {AC3AA1FE-83E5-39E2-9322-4A63E3A3E4D0}
	EndProjectSection
EndProject
Project("{8BC9CEB8-8B4A-11D0-8D11-00A0C91BC942}") = "INSTALL", "INSTALL.vcxproj", "{E1E15975-E2F7-3C23-B631-87F0D85354C8}"
	ProjectSection(ProjectDependencies) = postProject
		{055AD73E-BABD-3C63-B80D-8666D1061945} = {055AD73E-BABD-3C63-B80D-8666D1061945}
		{1F62DF3B-DAE6-3A48-A2E2-F4D4E9C77A8E} = {1F62DF3B-DAE6-3A48-A2E2-F4D4E9C77A8E}
	EndProjectSection
EndProject
Project("{8BC9CEB8-8B4A-11D0-8D11-00A0C91BC942}") = "PACKAGE", "PACKAGE.vcxproj", "{E577DD70-9910-3462-B41E-A6A321396696}"
	ProjectSection(ProjectDependencies) = postProject
		{055AD73E-BABD-3C63-B80D-8666D1061945} = {055AD73E-BABD-3C63-B80D-8666D1061945}
		{1F62DF3B-DAE6-3A48-A2E2-F4D4E9C77A8E} = {1F62DF3B-DAE6-3A48-A2E2-F4D4E9C77A8E}
	EndProjectSection
EndProject
Project("{8BC9CEB8-8B4A-11D0-8D11-00A0C91BC942}") = "RUN_TESTS", "RUN_TESTS.vcxproj", "{D18C22DB-1142-35A4-88F2-05208C227C7C}"
	ProjectSection(ProjectDependencies) = postProject
		{1F62DF3B-DAE6-3A48-A2E2-F4D4E9C77A8E} = {1F62DF3B-DAE6-3A48-A2E2-F4D4E9C77A8E}
	EndProjectSection
EndProject
Project("{8BC9CEB8-8B4A-11D0-8D11-00A0C91BC942}") = "ZERO_CHECK", "..\\ZERO_CHECK.vcxproj", "{1F62DF3B-DAE6-3A48-A2E2-F4D4E9C77A8E}"
	ProjectSection(ProjectDependencies) = postProject
	EndProjectSection
EndProject
Project("{8BC9CEB8-8B4A-11D0-8D11-00A0C91BC942}") = "gmock", "googlemock\gmock.vcxproj", "{990361FB-C709-3C11-82E8-E4C55DB18C6C}"
	ProjectSection(ProjectDependencies) = postProject
		{1F62DF3B-DAE6-3A48-A2E2-F4D4E9C77A8E} = {1F62DF3B-DAE6-3A48-A2E2-F4D4E9C77A8E}
	EndProjectSection
EndProject
Project("{8BC9CEB8-8B4A-11D0-8D11-00A0C91BC942}") = "gmock_main", "googlemock\gmock_main.vcxproj", "{FD12B058-A65A-3699-A52C-D0F1580BF82F}"
	ProjectSection(ProjectDependencies) = postProject
		{1F62DF3B-DAE6-3A48-A2E2-F4D4E9C77A8E} = {1F62DF3B-DAE6-3A48-A2E2-F4D4E9C77A8E}
	EndProjectSection
EndProject
Project("{8BC9CEB8-8B4A-11D0-8D11-00A0C91BC942}") = "gtest", "googletest\gtest.vcxproj", "{D7886964-7722-345A-B943-1585CD852575}"
	ProjectSection(ProjectDependencies) = postProject
		{1F62DF3B-DAE6-3A48-A2E2-F4D4E9C77A8E} = {1F62DF3B-DAE6-3A48-A2E2-F4D4E9C77A8E}
	EndProjectSection
EndProject
Project("{8BC9CEB8-8B4A-11D0-8D11-00A0C91BC942}") = "gtest_main", "googletest\gtest_main.vcxproj", "{AC3AA1FE-83E5-39E2-9322-4A63E3A3E4D0}"
	ProjectSection(ProjectDependencies) = postProject
		{1F62DF3B-DAE6-3A48-A2E2-F4D4E9C77A8E} = {1F62DF3B-DAE6-3A48-A2E2-F4D4E9C77A8E}
		{D7886964-7722-345A-B943-1585CD852575} = {D7886964-7722-345A-B943-1585CD852575}
	EndProjectSection
EndProject
Global
	GlobalSection(SolutionConfigurationPlatforms) = preSolution
		Debug|Win32 = Debug|Win32
		Release|Win32 = Release|Win32
		MinSizeRel|Win32 = MinSizeRel|Win32
		RelWithDebInfo|Win32 = RelWithDebInfo|Win32
	EndGlobalSection
	GlobalSection(ProjectConfigurationPlatforms) = postSolution
		{055AD73E-BABD-3C63-B80D-8666D1061945}.Debug|Win32.ActiveCfg = Debug|Win32
		{055AD73E-BABD-3C63-B80D-8666D1061945}.Debug|Win32.Build.0 = Debug|Win32
		{055AD73E-BABD-3C63-B80D-8666D1061945}.Release|Win32.ActiveCfg = Release|Win32
		{055AD73E-BABD-3C63-B80D-8666D1061945}.Release|Win32.Build.0 = Release|Win32
		{055AD73E-BABD-3C63-B80D-8666D1061945}.MinSizeRel|Win32.ActiveCfg = MinSizeRel|Win32
		{055AD73E-BABD-3C63-B80D-8666D1061945}.MinSizeRel|Win32.Build.0 = MinSizeRel|Win32
		{055AD73E-BABD-3C63-B80D-8666D1061945}.RelWithDebInfo|Win32.ActiveCfg = RelWithDebInfo|Win32
		{055AD73E-BABD-3C63-B80D-8666D1061945}.RelWithDebInfo|Win32.Build.0 = RelWithDebInfo|Win32
		{E1E15975-E2F7-3C23-B631-87F0D85354C8}.Debug|Win32.ActiveCfg = Debug|Win32
		{E1E15975-E2F7-3C23-B631-87F0D85354C8}.Release|Win32.ActiveCfg = Release|Win32
		{E1E15975-E2F7-3C23-B631-87F0D85354C8}.MinSizeRel|Win32.ActiveCfg = MinSizeRel|Win32
		{E1E15975-E2F7-3C23-B631-87F0D85354C8}.RelWithDebInfo|Win32.ActiveCfg = RelWithDebInfo|Win32
		{E577DD70-9910-3462-B41E-A6A321396696}.Debug|Win32.ActiveCfg = Debug|Win32
		{E577DD70-9910-3462-B41E-A6A321396696}.Release|Win32.ActiveCfg = Release|Win32
		{E577DD70-9910-3462-B41E-A6A321396696}.MinSizeRel|Win32.ActiveCfg = MinSizeRel|Win32
		{E577DD70-9910-3462-B41E-A6A321396696}.RelWithDebInfo|Win32.ActiveCfg = RelWithDebInfo|Win32
		{D18C22DB-1142-35A4-88F2-05208C227C7C}.Debug|Win32.ActiveCfg = Debug|Win32
		{D18C22DB-1142-35A4-88F2-05208C227C7C}.Release|Win32.ActiveCfg = Release|Win32
		{D18C22DB-1142-35A4-88F2-05208C227C7C}.MinSizeRel|Win32.ActiveCfg = MinSizeRel|Win32
		{D18C22DB-1142-35A4-88F2-05208C227C7C}.RelWithDebInfo|Win32.ActiveCfg = RelWithDebInfo|Win32
		{1F62DF3B-DAE6-3A48-A2E2-F4D4E9C77A8E}.Debug|Win32.ActiveCfg = Debug|Win32
		{1F62DF3B-DAE6-3A48-A2E2-F4D4E9C77A8E}.Debug|Win32.Build.0 = Debug|Win32
		{1F62DF3B-DAE6-3A48-A2E2-F4D4E9C77A8E}.Release|Win32.ActiveCfg = Release|Win32
		{1F62DF3B-DAE6-3A48-A2E2-F4D4E9C77A8E}.Release|Win32.Build.0 = Release|Win32
		{1F62DF3B-DAE6-3A48-A2E2-F4D4E9C77A8E}.MinSizeRel|Win32.ActiveCfg = MinSizeRel|Win32
		{1F62DF3B-DAE6-3A48-A2E2-F4D4E9C77A8E}.MinSizeRel|Win32.Build.0 = MinSizeRel|Win32
		{1F62DF3B-DAE6-3A48-A2E2-F4D4E9C77A8E}.RelWithDebInfo|Win32.ActiveCfg = RelWithDebInfo|Win32
		{1F62DF3B-DAE6-3A48-A2E2-F4D4E9C77A8E}.RelWithDebInfo|Win32.Build.0 = RelWithDebInfo|Win32
		{990361FB-C709-3C11-82E8-E4C55DB18C6C}.Debug|Win32.ActiveCfg = Debug|Win32
		{990361FB-C709-3C11-82E8-E4C55DB18C6C}.Debug|Win32.Build.0 = Debug|Win32
		{990361FB-C709-3C11-82E8-E4C55DB18C6C}.Release|Win32.ActiveCfg = Release|Win32
		{990361FB-C709-3C11-82E8-E4C55DB18C6C}.Release|Win32.Build.0 = Release|Win32
		{990361FB-C709-3C11-82E8-E4C55DB18C6C}.MinSizeRel|Win32.ActiveCfg = MinSizeRel|Win32
		{990361FB-C709-3C11-82E8-E4C55DB18C6C}.MinSizeRel|Win32.Build.0 = MinSizeRel|Win32
		{990361FB-C709-3C11-82E8-E4C55DB18C6C}.RelWithDebInfo|Win32.ActiveCfg = RelWithDebInfo|Win32
		{990361FB-C709-3C11-82E8-E4C55DB18C6C}.RelWithDebInfo|Win32.Build.0 = RelWithDebInfo|Win32
		{FD12B058-A65A-3699-A52C-D0F1580BF82F}.Debug|Win32.ActiveCfg = Debug|Win32
		{FD12B058-A65A-3699-A52C-D0F1580BF82F}.Debug|Win32.Build.0 = Debug|Win32
		{FD12B058-A65A-3699-A52C-D0F1580BF82F}.Release|Win32.ActiveCfg = Release|Win32
		{FD12B058-A65A-3699-A52C-D0F1580BF82F}.Release|Win32.Build.0 = Release|Win32
		{FD12B058-A65A-3699-A52C-D0F1580BF82F}.MinSizeRel|Win32.ActiveCfg = MinSizeRel|Win32
		{FD12B058-A65A-3699-A52C-D0F1580BF82F}.MinSizeRel|Win32.Build.0 = MinSizeRel|Win32
		{FD12B058-A65A-3699-A52C-D0F1580BF82F}.RelWithDebInfo|Win32.ActiveCfg = RelWithDebInfo|Win32
		{FD12B058-A65A-3699-A52C-D0F1580BF82F}.RelWithDebInfo|Win32.Build.0 = RelWithDebInfo|Win32
		{D7886964-7722-345A-B943-1585CD852575}.Debug|Win32.ActiveCfg = Debug|Win32
		{D7886964-7722-345A-B943-1585CD852575}.Debug|Win32.Build.0 = Debug|Win32
		{D7886964-7722-345A-B943-1585CD852575}.Release|Win32.ActiveCfg = Release|Win32
		{D7886964-7722-345A-B943-1585CD852575}.Release|Win32.Build.0 = Release|Win32
		{D7886964-7722-345A-B943-1585CD852575}.MinSizeRel|Win32.ActiveCfg = MinSizeRel|Win32
		{D7886964-7722-345A-B943-1585CD852575}.MinSizeRel|Win32.Build.0 = MinSizeRel|Win32
		{D7886964-7722-345A-B943-1585CD852575}.RelWithDebInfo|Win32.ActiveCfg = RelWithDebInfo|Win32
		{D7886964-7722-345A-B943-1585CD852575}.RelWithDebInfo|Win32.Build.0 = RelWithDebInfo|Win32
		{AC3AA1FE-83E5-39E2-9322-4A63E3A3E4D0}.Debug|Win32.ActiveCfg = Debug|Win32
		{AC3AA1FE-83E5-39E2-9322-4A63E3A3E4D0}.Debug|Win32.Build.0 = Debug|Win32
		{AC3AA1FE-83E5-39E2-9322-4A63E3A3E4D0}.Release|Win32.ActiveCfg = Release|Win32
		{AC3AA1FE-83E5-39E2-9322-4A63E3A3E4D0}.Release|Win32.Build.0 = Release|Win32
		{AC3AA1FE-83E5-39E2-9322-4A63E3A3E4D0}.MinSizeRel|Win32.ActiveCfg = MinSizeRel|Win32
		{AC3AA1FE-83E5-39E2-9322-4A63E3A3E4D0}.MinSizeRel|Win32.Build.0 = MinSizeRel|Win32
		{AC3AA1FE-83E5-39E2-9322-4A63E3A3E4D0}.RelWithDebInfo|Win32.ActiveCfg = RelWithDebInfo|Win32
		{AC3AA1FE-83E5-39E2-9322-4A63E3A3E4D0}.RelWithDebInfo|Win32.Build.0 = RelWithDebInfo|Win32
	EndGlobalSection
	GlobalSection(ExtensibilityGlobals) = postSolution
		SolutionGuid = {15E8DDB3-92D6-370A-B292-6F4F8D8C7954}
	EndGlobalSection
	GlobalSection(ExtensibilityAddIns) = postSolution
	EndGlobalSection
EndGlobal
